
Microsoft Visual Studio Solution File, Format Version 10.00
# Visual Studio 2008
Project("{FAE04EC0-301F-11D3-BF4B-00C04F79EFBC}") = "Arsalis.WebcamLibrary.GUI", "ArsalisWebcamLibraryTest\Arsalis.WebcamLibrary.GUI.csproj", "{BAF0AB85-E28B-4666-B062-CB44F3FEF999}"
EndProject
Project("{FAE04EC0-301F-11D3-BF4B-00C04F79EFBC}") = "Arsalis.WebcamLibrary", "ArsalisWebcamLibrary\Arsalis.WebcamLibrary.csproj", "{EE1695D2-5F5C-489B-A47C-647D1B14BA69}"
EndProject
Project("{FAE04EC0-301F-11D3-BF4B-00C04F79EFBC}") = "Arsalis.WebcamLibrary.WebcamSetupGUI", "WebcamSetupGUI\Arsalis.WebcamLibrary.WebcamSetupGUI.csproj", "{35FCC9FF-DAD8-4C05-B41A-F9AAD676CCDB}"
EndProject
Project("{54435603-DBB4-11D2-8724-00A0C9A8B90C}") = "WebcamGUISetup", "WebcamGUISetup\WebcamGUISetup.vdproj", "{5BD9A9E6-E492-483D-8E2A-37D804D82C7F}"
EndProject
Global
	GlobalSection(SubversionScc) = preSolution
		Svn-Managed = True
		Manager = AnkhSVN - Subversion Support for Visual Studio
	EndGlobalSection
	GlobalSection(SolutionConfigurationPlatforms) = preSolution
		Debug|Any CPU = Debug|Any CPU
		Release|Any CPU = Release|Any CPU
	EndGlobalSection
	GlobalSection(ProjectConfigurationPlatforms) = postSolution
		{BAF0AB85-E28B-4666-B062-CB44F3FEF999}.Debug|Any CPU.ActiveCfg = Debug|Any CPU
		{BAF0AB85-E28B-4666-B062-CB44F3FEF999}.Debug|Any CPU.Build.0 = Debug|Any CPU
		{BAF0AB85-E28B-4666-B062-CB44F3FEF999}.Release|Any CPU.ActiveCfg = Release|Any CPU
		{BAF0AB85-E28B-4666-B062-CB44F3FEF999}.Release|Any CPU.Build.0 = Release|Any CPU
		{EE1695D2-5F5C-489B-A47C-647D1B14BA69}.Debug|Any CPU.ActiveCfg = Debug|Any CPU
		{EE1695D2-5F5C-489B-A47C-647D1B14BA69}.Debug|Any CPU.Build.0 = Debug|Any CPU
		{EE1695D2-5F5C-489B-A47C-647D1B14BA69}.Release|Any CPU.ActiveCfg = Release|Any CPU
		{EE1695D2-5F5C-489B-A47C-647D1B14BA69}.Release|Any CPU.Build.0 = Release|Any CPU
		{35FCC9FF-DAD8-4C05-B41A-F9AAD676CCDB}.Debug|Any CPU.ActiveCfg = Debug|Any CPU
		{35FCC9FF-DAD8-4C05-B41A-F9AAD676CCDB}.Debug|Any CPU.Build.0 = Debug|Any CPU
		{35FCC9FF-DAD8-4C05-B41A-F9AAD676CCDB}.Release|Any CPU.ActiveCfg = Release|Any CPU
		{35FCC9FF-DAD8-4C05-B41A-F9AAD676CCDB}.Release|Any CPU.Build.0 = Release|Any CPU
		{5BD9A9E6-E492-483D-8E2A-37D804D82C7F}.Debug|Any CPU.ActiveCfg = Debug
		{5BD9A9E6-E492-483D-8E2A-37D804D82C7F}.Release|Any CPU.ActiveCfg = Release
		{5BD9A9E6-E492-483D-8E2A-37D804D82C7F}.Release|Any CPU.Build.0 = Release
	EndGlobalSection
	GlobalSection(SolutionProperties) = preSolution
		HideSolutionNode = FALSE
	EndGlobalSection
EndGlobal
